
Microsoft Visual Studio Solution File, Format Version 12.00
# Visual Studio Version 17
VisualStudioVersion = 17.0.31903.59
MinimumVisualStudioVersion = 10.0.40219.1
Project("{FAE04EC0-301F-11D3-BF4B-00C04F79EFBC}") = "Backend.Api", "Backend.Api\Backend.Api.csproj", "{3C81D777-4DF2-483A-AE09-498E85214418}"
EndProject
Project("{FAE04EC0-301F-11D3-BF4B-00C04F79EFBC}") = "Backend.Infra.Database", "Backend.Infra.Database\Backend.Infra.Database.csproj", "{82BAA2E6-4CAA-4BF8-A63B-DF58D928D9A2}"
EndProject
Project("{FAE04EC0-301F-11D3-BF4B-00C04F79EFBC}") = "Backend.Infra.Repository", "Backend.Infra.Repository\Backend.Infra.Repository.csproj", "{EC69BD43-600F-4382-BF2C-C7B0E704764B}"
EndProject
Project("{FAE04EC0-301F-11D3-BF4B-00C04F79EFBC}") = "Backend.Service", "Backend.Service\Backend.Service.csproj", "{B7CAB9BB-689D-4A23-8087-973336CAE853}"
EndProject
Global
	GlobalSection(SolutionConfigurationPlatforms) = preSolution
		Debug|Any CPU = Debug|Any CPU
		Release|Any CPU = Release|Any CPU
	EndGlobalSection
	GlobalSection(ProjectConfigurationPlatforms) = postSolution
		{3C81D777-4DF2-483A-AE09-498E85214418}.Debug|Any CPU.ActiveCfg = Debug|Any CPU
		{3C81D777-4DF2-483A-AE09-498E85214418}.Debug|Any CPU.Build.0 = Debug|Any CPU
		{3C81D777-4DF2-483A-AE09-498E85214418}.Release|Any CPU.ActiveCfg = Release|Any CPU
		{3C81D777-4DF2-483A-AE09-498E85214418}.Release|Any CPU.Build.0 = Release|Any CPU
		{82BAA2E6-4CAA-4BF8-A63B-DF58D928D9A2}.Debug|Any CPU.ActiveCfg = Debug|Any CPU
		{82BAA2E6-4CAA-4BF8-A63B-DF58D928D9A2}.Debug|Any CPU.Build.0 = Debug|Any CPU
		{82BAA2E6-4CAA-4BF8-A63B-DF58D928D9A2}.Release|Any CPU.ActiveCfg = Release|Any CPU
		{82BAA2E6-4CAA-4BF8-A63B-DF58D928D9A2}.Release|Any CPU.Build.0 = Release|Any CPU
		{EC69BD43-600F-4382-BF2C-C7B0E704764B}.Debug|Any CPU.ActiveCfg = Debug|Any CPU
		{EC69BD43-600F-4382-BF2C-C7B0E704764B}.Debug|Any CPU.Build.0 = Debug|Any CPU
		{EC69BD43-600F-4382-BF2C-C7B0E704764B}.Release|Any CPU.ActiveCfg = Release|Any CPU
		{EC69BD43-600F-4382-BF2C-C7B0E704764B}.Release|Any CPU.Build.0 = Release|Any CPU
		{B7CAB9BB-689D-4A23-8087-973336CAE853}.Debug|Any CPU.ActiveCfg = Debug|Any CPU
		{B7CAB9BB-689D-4A23-8087-973336CAE853}.Debug|Any CPU.Build.0 = Debug|Any CPU
		{B7CAB9BB-689D-4A23-8087-973336CAE853}.Release|Any CPU.ActiveCfg = Release|Any CPU
		{B7CAB9BB-689D-4A23-8087-973336CAE853}.Release|Any CPU.Build.0 = Release|Any CPU
	EndGlobalSection
	GlobalSection(SolutionProperties) = preSolution
		HideSolutionNode = FALSE
	EndGlobalSection
EndGlobal
